{
  "originHash" : "2174eaf93f622d57be865cd78b51b72620c12528f1f0957292620977c4d69891",
  "pins" : [
    {
      "identity" : "realm-core",
      "kind" : "remoteSourceControl",
      "location" : "https://github.com/realm/realm-core.git",
      "state" : {
        "revision" : "f98720a07e6150c41c953e1937108225550ba155",
        "version" : "20.0.0"
      }
    },
    {
      "identity" : "realm-swift",
      "kind" : "remoteSourceControl",
      "location" : "https://github.com/realm/realm-swift",
      "state" : {
        "revision" : "7ea8be1f74034bae860120d58d3491c4fcedff5b",
        "version" : "20.0.0"
      }
    }
  ],
  "version" : 3
}
